
Microsoft Visual Studio Solution File, Format Version 12.00
# Visual Studio Version 17
VisualStudioVersion = 17.6.33829.357
MinimumVisualStudioVersion = 10.0.40219.1
Project("{FAE04EC0-301F-11D3-BF4B-00C04F79EFBC}") = "Messenger", "Messenger\Messenger.csproj", "{B6AB699B-1DFE-4309-A03C-27384DF8E79C}"
EndProject
Global
	GlobalSection(SolutionConfigurationPlatforms) = preSolution
		Debug|Any CPU = Debug|Any CPU
		Release|Any CPU = Release|Any CPU
	EndGlobalSection
	GlobalSection(ProjectConfigurationPlatforms) = postSolution
		{B6AB699B-1DFE-4309-A03C-27384DF8E79C}.Debug|Any CPU.ActiveCfg = Debug|Any CPU
		{B6AB699B-1DFE-4309-A03C-27384DF8E79C}.Debug|Any CPU.Build.0 = Debug|Any CPU
		{B6AB699B-1DFE-4309-A03C-27384DF8E79C}.Release|Any CPU.ActiveCfg = Release|Any CPU
		{B6AB699B-1DFE-4309-A03C-27384DF8E79C}.Release|Any CPU.Build.0 = Release|Any CPU
	EndGlobalSection
	GlobalSection(SolutionProperties) = preSolution
		HideSolutionNode = FALSE
	EndGlobalSection
	GlobalSection(ExtensibilityGlobals) = postSolution
		SolutionGuid = {E99BB5C0-3166-4FC4-AC1F-15BC32AF5851}
	EndGlobalSection
EndGlobal
